
Microsoft Visual Studio Solution File, Format Version 12.00
# Visual Studio Version 17
VisualStudioVersion = 17.1.32421.90
MinimumVisualStudioVersion = 10.0.40219.1
Project("{FAE04EC0-301F-11D3-BF4B-00C04F79EFBC}") = "AutocompleteTestApi", "AutocompleteTestApi\AutocompleteTestApi.csproj", "{6B0B7E23-E2DE-47B7-868A-D6FF35E231D8}"
EndProject
Global
	GlobalSection(SolutionConfigurationPlatforms) = preSolution
		Debug|Any CPU = Debug|Any CPU
		Release|Any CPU = Release|Any CPU
	EndGlobalSection
	GlobalSection(ProjectConfigurationPlatforms) = postSolution
		{6B0B7E23-E2DE-47B7-868A-D6FF35E231D8}.Debug|Any CPU.ActiveCfg = Debug|Any CPU
		{6B0B7E23-E2DE-47B7-868A-D6FF35E231D8}.Debug|Any CPU.Build.0 = Debug|Any CPU
		{6B0B7E23-E2DE-47B7-868A-D6FF35E231D8}.Release|Any CPU.ActiveCfg = Release|Any CPU
		{6B0B7E23-E2DE-47B7-868A-D6FF35E231D8}.Release|Any CPU.Build.0 = Release|Any CPU
	EndGlobalSection
	GlobalSection(SolutionProperties) = preSolution
		HideSolutionNode = FALSE
	EndGlobalSection
	GlobalSection(ExtensibilityGlobals) = postSolution
		SolutionGuid = {FCC6C2FD-90F1-400F-9BDA-24FC85FD02B3}
	EndGlobalSection
EndGlobal
